// !$*UTF8*$!
{
	archiveVersion = 1;
	classes = {
	};
	objectVersion = 56;
	objects = {

/* Begin PBXBuildFile section */
		1A2A33792C80B5A1008F6414 /* Router.swift in Sources */ = {isa = PBXBuildFile; fileRef = 1A2A33782C80B5A1008F6414 /* Router.swift */; };
		1A2A337B2C80ED06008F6414 /* TabBarView.swift in Sources */ = {isa = PBXBuildFile; fileRef = 1A2A337A2C80ED06008F6414 /* TabBarView.swift */; };
		1A2A337D2C80F61F008F6414 /* ContentView.swift in Sources */ = {isa = PBXBuildFile; fileRef = 1A2A337C2C80F61F008F6414 /* ContentView.swift */; };
		1A2A33802C85F955008F6414 /* BaseCategoryRowView.swift in Sources */ = {isa = PBXBuildFile; fileRef = 1A2A337F2C85F955008F6414 /* BaseCategoryRowView.swift */; };
		1A2A33832C860431008F6414 /* Double +.swift in Sources */ = {isa = PBXBuildFile; fileRef = 1A2A33822C860431008F6414 /* Double +.swift */; };
		1A2A33852C888FEF008F6414 /* CircularProgressView.swift in Sources */ = {isa = PBXBuildFile; fileRef = 1A2A33842C888FEF008F6414 /* CircularProgressView.swift */; };
		1A2A33872C8893EB008F6414 /* GoalCategoryRowView.swift in Sources */ = {isa = PBXBuildFile; fileRef = 1A2A33862C8893EB008F6414 /* GoalCategoryRowView.swift */; };
		1A2A33892C88983F008F6414 /* InvestmentCategoryRowView.swift in Sources */ = {isa = PBXBuildFile; fileRef = 1A2A33882C88983F008F6414 /* InvestmentCategoryRowView.swift */; };
		1A6725492C56D4AC004B3730 /* UISystem in Frameworks */ = {isa = PBXBuildFile; productRef = 1A6725482C56D4AC004B3730 /* UISystem */; };
		640EBB4A2C7DC87300244B24 /* BaseCategoryCardView.swift in Sources */ = {isa = PBXBuildFile; fileRef = 640EBB492C7DC87300244B24 /* BaseCategoryCardView.swift */; };
		640EBB4C2C7F65AF00244B24 /* GoalCategoryCardView.swift in Sources */ = {isa = PBXBuildFile; fileRef = 640EBB4B2C7F65AF00244B24 /* GoalCategoryCardView.swift */; };
		640EBB4E2C7F742700244B24 /* InvestmentCategoryCardView.swift in Sources */ = {isa = PBXBuildFile; fileRef = 640EBB4D2C7F742700244B24 /* InvestmentCategoryCardView.swift */; };
		640F9F422C7CFEAE007C7E7E /* ExpenseIncomeView.swift in Sources */ = {isa = PBXBuildFile; fileRef = 640F9F412C7CFEAE007C7E7E /* ExpenseIncomeView.swift */; };
		640F9F4C2C7D3EE2007C7E7E /* ComponentBackgroundModifier.swift in Sources */ = {isa = PBXBuildFile; fileRef = 640F9F4B2C7D3EE2007C7E7E /* ComponentBackgroundModifier.swift */; };
		640F9F4F2C7D3F53007C7E7E /* AccountCardView.swift in Sources */ = {isa = PBXBuildFile; fileRef = 640F9F4D2C7D3F53007C7E7E /* AccountCardView.swift */; };
		640F9F502C7D3F53007C7E7E /* PlanVsActualView.swift in Sources */ = {isa = PBXBuildFile; fileRef = 640F9F4E2C7D3F53007C7E7E /* PlanVsActualView.swift */; };
		6457CA4D2C517D54008C56DE /* User.swift in Sources */ = {isa = PBXBuildFile; fileRef = 6457CA4C2C517D54008C56DE /* User.swift */; };
		6457CA4F2C518375008C56DE /* Settings.swift in Sources */ = {isa = PBXBuildFile; fileRef = 6457CA4E2C518375008C56DE /* Settings.swift */; };
		647A6F3A2C81141000927749 /* AccountGroupCardView.swift in Sources */ = {isa = PBXBuildFile; fileRef = 64DAA0992C7FA90F0089D789 /* AccountGroupCardView.swift */; };
		647A6F3C2C811E4900927749 /* PlusButtonView.swift in Sources */ = {isa = PBXBuildFile; fileRef = 647A6F3B2C811E4900927749 /* PlusButtonView.swift */; };
		647A6F3E2C8120C000927749 /* CapsuleButtonView.swift in Sources */ = {isa = PBXBuildFile; fileRef = 647A6F3D2C8120C000927749 /* CapsuleButtonView.swift */; };
		647A6F402C8123E100927749 /* ChevronButtonView.swift in Sources */ = {isa = PBXBuildFile; fileRef = 647A6F3F2C8123E100927749 /* ChevronButtonView.swift */; };
		647A6F422C8125D000927749 /* RoundedButtonView.swift in Sources */ = {isa = PBXBuildFile; fileRef = 647A6F412C8125D000927749 /* RoundedButtonView.swift */; };
		649FF6962C3C58520081BC63 /* DeltaApp.swift in Sources */ = {isa = PBXBuildFile; fileRef = 649FF6952C3C58520081BC63 /* DeltaApp.swift */; };
		649FF6982C3C58520081BC63 /* MainView.swift in Sources */ = {isa = PBXBuildFile; fileRef = 649FF6972C3C58520081BC63 /* MainView.swift */; };
		649FF69A2C3C58520081BC63 /* Assets.xcassets in Resources */ = {isa = PBXBuildFile; fileRef = 649FF6992C3C58520081BC63 /* Assets.xcassets */; };
		649FF69D2C3C58520081BC63 /* Preview Assets.xcassets in Resources */ = {isa = PBXBuildFile; fileRef = 649FF69C2C3C58520081BC63 /* Preview Assets.xcassets */; };
		64B5F4282C8688D10072AC29 /* CurrencyTextView.swift in Sources */ = {isa = PBXBuildFile; fileRef = 64B5F4272C8688D10072AC29 /* CurrencyTextView.swift */; };
		64FB5C3F2C4BF48600BBADB1 /* OnboardingView.swift in Sources */ = {isa = PBXBuildFile; fileRef = 64FB5C3E2C4BF48600BBADB1 /* OnboardingView.swift */; };
		64FB5C412C4BF49B00BBADB1 /* LoginView.swift in Sources */ = {isa = PBXBuildFile; fileRef = 64FB5C402C4BF49B00BBADB1 /* LoginView.swift */; };
		64FB5C432C4BF4A600BBADB1 /* AnalyticsView.swift in Sources */ = {isa = PBXBuildFile; fileRef = 64FB5C422C4BF4A600BBADB1 /* AnalyticsView.swift */; };
		64FB5C452C4BF4B100BBADB1 /* ShoppingListView.swift in Sources */ = {isa = PBXBuildFile; fileRef = 64FB5C442C4BF4B100BBADB1 /* ShoppingListView.swift */; };
		64FB5C472C4BF4BB00BBADB1 /* SettingsView.swift in Sources */ = {isa = PBXBuildFile; fileRef = 64FB5C462C4BF4BB00BBADB1 /* SettingsView.swift */; };
		64FB5C492C4BF4C500BBADB1 /* ProfileSettingsView.swift in Sources */ = {isa = PBXBuildFile; fileRef = 64FB5C482C4BF4C500BBADB1 /* ProfileSettingsView.swift */; };
		64FB5C4B2C4BF4CC00BBADB1 /* AppDesignSettingsView.swift in Sources */ = {isa = PBXBuildFile; fileRef = 64FB5C4A2C4BF4CC00BBADB1 /* AppDesignSettingsView.swift */; };
		64FB5C4D2C4BF4DD00BBADB1 /* AccountSettingsView.swift in Sources */ = {isa = PBXBuildFile; fileRef = 64FB5C4C2C4BF4DD00BBADB1 /* AccountSettingsView.swift */; };
		64FB5C4F2C4BF4ED00BBADB1 /* AccountGroupSettingsView.swift in Sources */ = {isa = PBXBuildFile; fileRef = 64FB5C4E2C4BF4ED00BBADB1 /* AccountGroupSettingsView.swift */; };
		64FB5C512C4BF4F600BBADB1 /* SettingsCategoryView.swift in Sources */ = {isa = PBXBuildFile; fileRef = 64FB5C502C4BF4F600BBADB1 /* SettingsCategoryView.swift */; };
		64FB5C532C4BF51700BBADB1 /* SeeAllView.swift in Sources */ = {isa = PBXBuildFile; fileRef = 64FB5C522C4BF51700BBADB1 /* SeeAllView.swift */; };
		64FB5C552C4BF52500BBADB1 /* TransferView.swift in Sources */ = {isa = PBXBuildFile; fileRef = 64FB5C542C4BF52500BBADB1 /* TransferView.swift */; };
		64FB5C572C4BF56400BBADB1 /* MyBalanceView.swift in Sources */ = {isa = PBXBuildFile; fileRef = 64FB5C562C4BF56400BBADB1 /* MyBalanceView.swift */; };
		64FB5C592C4BF5CB00BBADB1 /* Person.swift in Sources */ = {isa = PBXBuildFile; fileRef = 64FB5C582C4BF5CB00BBADB1 /* Person.swift */; };
		64FB5C5B2C4BF5DB00BBADB1 /* DataStore.swift in Sources */ = {isa = PBXBuildFile; fileRef = 64FB5C5A2C4BF5DB00BBADB1 /* DataStore.swift */; };
		64FEDB742C8109AC004F4E4E /* CustomShadowModifier.swift in Sources */ = {isa = PBXBuildFile; fileRef = 64FEDB732C8109AC004F4E4E /* CustomShadowModifier.swift */; };
/* End PBXBuildFile section */

/* Begin PBXFileReference section */
		1A2A33782C80B5A1008F6414 /* Router.swift */ = {isa = PBXFileReference; lastKnownFileType = sourcecode.swift; path = Router.swift; sourceTree = "<group>"; };
		1A2A337A2C80ED06008F6414 /* TabBarView.swift */ = {isa = PBXFileReference; lastKnownFileType = sourcecode.swift; path = TabBarView.swift; sourceTree = "<group>"; };
		1A2A337C2C80F61F008F6414 /* ContentView.swift */ = {isa = PBXFileReference; lastKnownFileType = sourcecode.swift; path = ContentView.swift; sourceTree = "<group>"; };
		1A2A337F2C85F955008F6414 /* BaseCategoryRowView.swift */ = {isa = PBXFileReference; lastKnownFileType = sourcecode.swift; path = BaseCategoryRowView.swift; sourceTree = "<group>"; };
		1A2A33822C860431008F6414 /* Double +.swift */ = {isa = PBXFileReference; lastKnownFileType = sourcecode.swift; path = "Double +.swift"; sourceTree = "<group>"; };
		1A2A33842C888FEF008F6414 /* CircularProgressView.swift */ = {isa = PBXFileReference; lastKnownFileType = sourcecode.swift; path = CircularProgressView.swift; sourceTree = "<group>"; };
		1A2A33862C8893EB008F6414 /* GoalCategoryRowView.swift */ = {isa = PBXFileReference; lastKnownFileType = sourcecode.swift; path = GoalCategoryRowView.swift; sourceTree = "<group>"; };
		1A2A33882C88983F008F6414 /* InvestmentCategoryRowView.swift */ = {isa = PBXFileReference; lastKnownFileType = sourcecode.swift; path = InvestmentCategoryRowView.swift; sourceTree = "<group>"; };
		1A6725462C56D426004B3730 /* UISystem */ = {isa = PBXFileReference; lastKnownFileType = wrapper; name = UISystem; path = Delta/Modules/UISystem; sourceTree = "<group>"; };
		640EBB492C7DC87300244B24 /* BaseCategoryCardView.swift */ = {isa = PBXFileReference; lastKnownFileType = sourcecode.swift; path = BaseCategoryCardView.swift; sourceTree = "<group>"; };
		640EBB4B2C7F65AF00244B24 /* GoalCategoryCardView.swift */ = {isa = PBXFileReference; lastKnownFileType = sourcecode.swift; path = GoalCategoryCardView.swift; sourceTree = "<group>"; };
		640EBB4D2C7F742700244B24 /* InvestmentCategoryCardView.swift */ = {isa = PBXFileReference; lastKnownFileType = sourcecode.swift; path = InvestmentCategoryCardView.swift; sourceTree = "<group>"; };
		640F9F412C7CFEAE007C7E7E /* ExpenseIncomeView.swift */ = {isa = PBXFileReference; lastKnownFileType = sourcecode.swift; path = ExpenseIncomeView.swift; sourceTree = "<group>"; };
		640F9F4B2C7D3EE2007C7E7E /* ComponentBackgroundModifier.swift */ = {isa = PBXFileReference; fileEncoding = 4; lastKnownFileType = sourcecode.swift; path = ComponentBackgroundModifier.swift; sourceTree = "<group>"; };
		640F9F4D2C7D3F53007C7E7E /* AccountCardView.swift */ = {isa = PBXFileReference; fileEncoding = 4; lastKnownFileType = sourcecode.swift; path = AccountCardView.swift; sourceTree = "<group>"; };
		640F9F4E2C7D3F53007C7E7E /* PlanVsActualView.swift */ = {isa = PBXFileReference; fileEncoding = 4; lastKnownFileType = sourcecode.swift; path = PlanVsActualView.swift; sourceTree = "<group>"; };
		6457CA4C2C517D54008C56DE /* User.swift */ = {isa = PBXFileReference; lastKnownFileType = sourcecode.swift; path = User.swift; sourceTree = "<group>"; };
		6457CA4E2C518375008C56DE /* Settings.swift */ = {isa = PBXFileReference; lastKnownFileType = sourcecode.swift; path = Settings.swift; sourceTree = "<group>"; };
		647A6F3B2C811E4900927749 /* PlusButtonView.swift */ = {isa = PBXFileReference; lastKnownFileType = sourcecode.swift; path = PlusButtonView.swift; sourceTree = "<group>"; };
		647A6F3D2C8120C000927749 /* CapsuleButtonView.swift */ = {isa = PBXFileReference; lastKnownFileType = sourcecode.swift; path = CapsuleButtonView.swift; sourceTree = "<group>"; };
		647A6F3F2C8123E100927749 /* ChevronButtonView.swift */ = {isa = PBXFileReference; lastKnownFileType = sourcecode.swift; path = ChevronButtonView.swift; sourceTree = "<group>"; };
		647A6F412C8125D000927749 /* RoundedButtonView.swift */ = {isa = PBXFileReference; lastKnownFileType = sourcecode.swift; path = RoundedButtonView.swift; sourceTree = "<group>"; };
		649FF6922C3C58520081BC63 /* Delta.app */ = {isa = PBXFileReference; explicitFileType = wrapper.application; includeInIndex = 0; path = Delta.app; sourceTree = BUILT_PRODUCTS_DIR; };
		649FF6952C3C58520081BC63 /* DeltaApp.swift */ = {isa = PBXFileReference; lastKnownFileType = sourcecode.swift; path = DeltaApp.swift; sourceTree = "<group>"; };
		649FF6972C3C58520081BC63 /* MainView.swift */ = {isa = PBXFileReference; lastKnownFileType = sourcecode.swift; path = MainView.swift; sourceTree = "<group>"; };
		649FF6992C3C58520081BC63 /* Assets.xcassets */ = {isa = PBXFileReference; lastKnownFileType = folder.assetcatalog; path = Assets.xcassets; sourceTree = "<group>"; };
		649FF69C2C3C58520081BC63 /* Preview Assets.xcassets */ = {isa = PBXFileReference; lastKnownFileType = folder.assetcatalog; path = "Preview Assets.xcassets"; sourceTree = "<group>"; };
		64B5F4272C8688D10072AC29 /* CurrencyTextView.swift */ = {isa = PBXFileReference; lastKnownFileType = sourcecode.swift; path = CurrencyTextView.swift; sourceTree = "<group>"; };
		64DAA0992C7FA90F0089D789 /* AccountGroupCardView.swift */ = {isa = PBXFileReference; lastKnownFileType = sourcecode.swift; path = AccountGroupCardView.swift; sourceTree = "<group>"; };
		64FB5C3E2C4BF48600BBADB1 /* OnboardingView.swift */ = {isa = PBXFileReference; lastKnownFileType = sourcecode.swift; path = OnboardingView.swift; sourceTree = "<group>"; };
		64FB5C402C4BF49B00BBADB1 /* LoginView.swift */ = {isa = PBXFileReference; lastKnownFileType = sourcecode.swift; path = LoginView.swift; sourceTree = "<group>"; };
		64FB5C422C4BF4A600BBADB1 /* AnalyticsView.swift */ = {isa = PBXFileReference; lastKnownFileType = sourcecode.swift; path = AnalyticsView.swift; sourceTree = "<group>"; };
		64FB5C442C4BF4B100BBADB1 /* ShoppingListView.swift */ = {isa = PBXFileReference; lastKnownFileType = sourcecode.swift; path = ShoppingListView.swift; sourceTree = "<group>"; };
		64FB5C462C4BF4BB00BBADB1 /* SettingsView.swift */ = {isa = PBXFileReference; lastKnownFileType = sourcecode.swift; path = SettingsView.swift; sourceTree = "<group>"; };
		64FB5C482C4BF4C500BBADB1 /* ProfileSettingsView.swift */ = {isa = PBXFileReference; lastKnownFileType = sourcecode.swift; path = ProfileSettingsView.swift; sourceTree = "<group>"; };
		64FB5C4A2C4BF4CC00BBADB1 /* AppDesignSettingsView.swift */ = {isa = PBXFileReference; lastKnownFileType = sourcecode.swift; path = AppDesignSettingsView.swift; sourceTree = "<group>"; };
		64FB5C4C2C4BF4DD00BBADB1 /* AccountSettingsView.swift */ = {isa = PBXFileReference; lastKnownFileType = sourcecode.swift; path = AccountSettingsView.swift; sourceTree = "<group>"; };
		64FB5C4E2C4BF4ED00BBADB1 /* AccountGroupSettingsView.swift */ = {isa = PBXFileReference; lastKnownFileType = sourcecode.swift; path = AccountGroupSettingsView.swift; sourceTree = "<group>"; };
		64FB5C502C4BF4F600BBADB1 /* SettingsCategoryView.swift */ = {isa = PBXFileReference; lastKnownFileType = sourcecode.swift; path = SettingsCategoryView.swift; sourceTree = "<group>"; };
		64FB5C522C4BF51700BBADB1 /* SeeAllView.swift */ = {isa = PBXFileReference; lastKnownFileType = sourcecode.swift; path = SeeAllView.swift; sourceTree = "<group>"; };
		64FB5C542C4BF52500BBADB1 /* TransferView.swift */ = {isa = PBXFileReference; lastKnownFileType = sourcecode.swift; path = TransferView.swift; sourceTree = "<group>"; };
		64FB5C562C4BF56400BBADB1 /* MyBalanceView.swift */ = {isa = PBXFileReference; lastKnownFileType = sourcecode.swift; path = MyBalanceView.swift; sourceTree = "<group>"; };
		64FB5C582C4BF5CB00BBADB1 /* Person.swift */ = {isa = PBXFileReference; lastKnownFileType = sourcecode.swift; path = Person.swift; sourceTree = "<group>"; };
		64FB5C5A2C4BF5DB00BBADB1 /* DataStore.swift */ = {isa = PBXFileReference; lastKnownFileType = sourcecode.swift; path = DataStore.swift; sourceTree = "<group>"; };
		64FEDB732C8109AC004F4E4E /* CustomShadowModifier.swift */ = {isa = PBXFileReference; lastKnownFileType = sourcecode.swift; path = CustomShadowModifier.swift; sourceTree = "<group>"; };
/* End PBXFileReference section */

/* Begin PBXFrameworksBuildPhase section */
		649FF68F2C3C58520081BC63 /* Frameworks */ = {
			isa = PBXFrameworksBuildPhase;
			buildActionMask = 2147483647;
			files = (
				1A6725492C56D4AC004B3730 /* UISystem in Frameworks */,
			);
			runOnlyForDeploymentPostprocessing = 0;
		};
/* End PBXFrameworksBuildPhase section */

/* Begin PBXGroup section */
		1A2A337E2C85F93E008F6414 /* RowViews */ = {
			isa = PBXGroup;
			children = (
				1A2A337F2C85F955008F6414 /* BaseCategoryRowView.swift */,
				1A2A33862C8893EB008F6414 /* GoalCategoryRowView.swift */,
				1A2A33882C88983F008F6414 /* InvestmentCategoryRowView.swift */,
			);
			path = RowViews;
			sourceTree = "<group>";
		};
		1A2A33812C860422008F6414 /* Extensions */ = {
			isa = PBXGroup;
			children = (
				1A2A33822C860431008F6414 /* Double +.swift */,
			);
			path = Extensions;
			sourceTree = "<group>";
		};
		1A6725472C56D4AC004B3730 /* Frameworks */ = {
			isa = PBXGroup;
			children = (
			);
			name = Frameworks;
			sourceTree = "<group>";
		};
		640F9F4A2C7D3EC7007C7E7E /* Modifiers */ = {
			isa = PBXGroup;
			children = (
				640F9F4B2C7D3EE2007C7E7E /* ComponentBackgroundModifier.swift */,
				64FEDB732C8109AC004F4E4E /* CustomShadowModifier.swift */,
			);
			path = Modifiers;
			sourceTree = "<group>";
		};
		64251ED42C4191ED0014D18A /* CustomViews */ = {
			isa = PBXGroup;
			children = (
				64D71CBF2C86883A009B5CC5 /* CardViews */,
				1A2A337E2C85F93E008F6414 /* RowViews */,
				64D71CC02C86886B009B5CC5 /* ButtonViews */,
				64B5F4272C8688D10072AC29 /* CurrencyTextView.swift */,
				1A2A33842C888FEF008F6414 /* CircularProgressView.swift */,
			);
			path = CustomViews;
			sourceTree = "<group>";
		};
		64251ED52C4191F50014D18A /* Models */ = {
			isa = PBXGroup;
			children = (
				64FB5C582C4BF5CB00BBADB1 /* Person.swift */,
				6457CA4C2C517D54008C56DE /* User.swift */,
				6457CA4E2C518375008C56DE /* Settings.swift */,
			);
			path = Models;
			sourceTree = "<group>";
		};
		64251ED62C41920E0014D18A /* Services */ = {
			isa = PBXGroup;
			children = (
				64FB5C5A2C4BF5DB00BBADB1 /* DataStore.swift */,
				1A2A33782C80B5A1008F6414 /* Router.swift */,
				1A2A337A2C80ED06008F6414 /* TabBarView.swift */,
			);
			path = Services;
			sourceTree = "<group>";
		};
		64251ED72C41927F0014D18A /* OnboardingView */ = {
			isa = PBXGroup;
			children = (
				64FB5C3E2C4BF48600BBADB1 /* OnboardingView.swift */,
			);
			path = OnboardingView;
			sourceTree = "<group>";
		};
		64251ED82C4192980014D18A /* LoginView */ = {
			isa = PBXGroup;
			children = (
				64FB5C402C4BF49B00BBADB1 /* LoginView.swift */,
			);
			path = LoginView;
			sourceTree = "<group>";
		};
		64251EDA2C4192B20014D18A /* MainView */ = {
			isa = PBXGroup;
			children = (
				649FF6972C3C58520081BC63 /* MainView.swift */,
			);
			path = MainView;
			sourceTree = "<group>";
		};
		64251EDB2C4193350014D18A /* TransferView */ = {
			isa = PBXGroup;
			children = (
				64FB5C542C4BF52500BBADB1 /* TransferView.swift */,
			);
			path = TransferView;
			sourceTree = "<group>";
		};
		64251EDC2C41935F0014D18A /* SeeAllView */ = {
			isa = PBXGroup;
			children = (
				64FB5C522C4BF51700BBADB1 /* SeeAllView.swift */,
			);
			path = SeeAllView;
			sourceTree = "<group>";
		};
		64251EDD2C4193960014D18A /* ShoppingListView */ = {
			isa = PBXGroup;
			children = (
				64FB5C442C4BF4B100BBADB1 /* ShoppingListView.swift */,
			);
			path = ShoppingListView;
			sourceTree = "<group>";
		};
		64251EDE2C4193B20014D18A /* AnalyticsView */ = {
			isa = PBXGroup;
			children = (
				64FB5C422C4BF4A600BBADB1 /* AnalyticsView.swift */,
			);
			path = AnalyticsView;
			sourceTree = "<group>";
		};
		64251EDF2C4193D50014D18A /* SettingsView */ = {
			isa = PBXGroup;
			children = (
				64FB5C462C4BF4BB00BBADB1 /* SettingsView.swift */,
			);
			path = SettingsView;
			sourceTree = "<group>";
		};
		64251EE02C4193F50014D18A /* Views */ = {
			isa = PBXGroup;
			children = (
				64251ED72C41927F0014D18A /* OnboardingView */,
				64251ED82C4192980014D18A /* LoginView */,
				64251EDA2C4192B20014D18A /* MainView */,
				64251EDE2C4193B20014D18A /* AnalyticsView */,
				64251EDD2C4193960014D18A /* ShoppingListView */,
				64251EDF2C4193D50014D18A /* SettingsView */,
				64251EE42C4196CF0014D18A /* ProfileSettingsView */,
				64251EE52C4197850014D18A /* AppDesignSettingsView */,
				64251EE22C4194F70014D18A /* AccountSettingsView */,
				64251EE32C4195230014D18A /* AccountGroupSettingsView */,
				64251EE12C4194A00014D18A /* SettingsCategoryView */,
				64251EDC2C41935F0014D18A /* SeeAllView */,
				64251EDB2C4193350014D18A /* TransferView */,
			);
			path = Views;
			sourceTree = "<group>";
		};
		64251EE12C4194A00014D18A /* SettingsCategoryView */ = {
			isa = PBXGroup;
			children = (
				64FB5C502C4BF4F600BBADB1 /* SettingsCategoryView.swift */,
			);
			path = SettingsCategoryView;
			sourceTree = "<group>";
		};
		64251EE22C4194F70014D18A /* AccountSettingsView */ = {
			isa = PBXGroup;
			children = (
				64FB5C4C2C4BF4DD00BBADB1 /* AccountSettingsView.swift */,
			);
			path = AccountSettingsView;
			sourceTree = "<group>";
		};
		64251EE32C4195230014D18A /* AccountGroupSettingsView */ = {
			isa = PBXGroup;
			children = (
				64FB5C4E2C4BF4ED00BBADB1 /* AccountGroupSettingsView.swift */,
			);
			path = AccountGroupSettingsView;
			sourceTree = "<group>";
		};
		64251EE42C4196CF0014D18A /* ProfileSettingsView */ = {
			isa = PBXGroup;
			children = (
				64FB5C482C4BF4C500BBADB1 /* ProfileSettingsView.swift */,
			);
			path = ProfileSettingsView;
			sourceTree = "<group>";
		};
		64251EE52C4197850014D18A /* AppDesignSettingsView */ = {
			isa = PBXGroup;
			children = (
				64FB5C4A2C4BF4CC00BBADB1 /* AppDesignSettingsView.swift */,
			);
			path = AppDesignSettingsView;
			sourceTree = "<group>";
		};
		649FF6892C3C58510081BC63 = {
			isa = PBXGroup;
			children = (
				1A6725462C56D426004B3730 /* UISystem */,
				649FF6942C3C58520081BC63 /* Delta */,
				649FF6932C3C58520081BC63 /* Products */,
				1A6725472C56D4AC004B3730 /* Frameworks */,
			);
			sourceTree = "<group>";
		};
		649FF6932C3C58520081BC63 /* Products */ = {
			isa = PBXGroup;
			children = (
				649FF6922C3C58520081BC63 /* Delta.app */,
			);
			name = Products;
			sourceTree = "<group>";
		};
		649FF6942C3C58520081BC63 /* Delta */ = {
			isa = PBXGroup;
			children = (
				1A2A33812C860422008F6414 /* Extensions */,
				640F9F4A2C7D3EC7007C7E7E /* Modifiers */,
				64251EE02C4193F50014D18A /* Views */,
				64251ED42C4191ED0014D18A /* CustomViews */,
				64251ED52C4191F50014D18A /* Models */,
				64251ED62C41920E0014D18A /* Services */,
				649FF6952C3C58520081BC63 /* DeltaApp.swift */,
				1A2A337C2C80F61F008F6414 /* ContentView.swift */,
				649FF6992C3C58520081BC63 /* Assets.xcassets */,
				649FF69B2C3C58520081BC63 /* Preview Content */,
			);
			path = Delta;
			sourceTree = "<group>";
		};
		649FF69B2C3C58520081BC63 /* Preview Content */ = {
			isa = PBXGroup;
			children = (
				649FF69C2C3C58520081BC63 /* Preview Assets.xcassets */,
			);
			path = "Preview Content";
			sourceTree = "<group>";
		};
		64D71CBF2C86883A009B5CC5 /* CardViews */ = {
			isa = PBXGroup;
			children = (
				64FB5C562C4BF56400BBADB1 /* MyBalanceView.swift */,
				640F9F412C7CFEAE007C7E7E /* ExpenseIncomeView.swift */,
				640F9F4D2C7D3F53007C7E7E /* AccountCardView.swift */,
				640F9F4E2C7D3F53007C7E7E /* PlanVsActualView.swift */,
				640EBB492C7DC87300244B24 /* BaseCategoryCardView.swift */,
				640EBB4B2C7F65AF00244B24 /* GoalCategoryCardView.swift */,
				640EBB4D2C7F742700244B24 /* InvestmentCategoryCardView.swift */,
				64DAA0992C7FA90F0089D789 /* AccountGroupCardView.swift */,
			);
			path = CardViews;
			sourceTree = "<group>";
		};
		64D71CC02C86886B009B5CC5 /* ButtonViews */ = {
			isa = PBXGroup;
			children = (
				647A6F3B2C811E4900927749 /* PlusButtonView.swift */,
				647A6F3D2C8120C000927749 /* CapsuleButtonView.swift */,
				647A6F412C8125D000927749 /* RoundedButtonView.swift */,
				647A6F3F2C8123E100927749 /* ChevronButtonView.swift */,
			);
			path = ButtonViews;
			sourceTree = "<group>";
		};
/* End PBXGroup section */

/* Begin PBXNativeTarget section */
		649FF6912C3C58520081BC63 /* Delta */ = {
			isa = PBXNativeTarget;
			buildConfigurationList = 649FF6A02C3C58530081BC63 /* Build configuration list for PBXNativeTarget "Delta" */;
			buildPhases = (
				649FF68E2C3C58520081BC63 /* Sources */,
				649FF68F2C3C58520081BC63 /* Frameworks */,
				649FF6902C3C58520081BC63 /* Resources */,
			);
			buildRules = (
			);
			dependencies = (
			);
			name = Delta;
			packageProductDependencies = (
				1A6725482C56D4AC004B3730 /* UISystem */,
			);
			productName = Delta;
			productReference = 649FF6922C3C58520081BC63 /* Delta.app */;
			productType = "com.apple.product-type.application";
		};
/* End PBXNativeTarget section */

/* Begin PBXProject section */
		649FF68A2C3C58510081BC63 /* Project object */ = {
			isa = PBXProject;
			attributes = {
				BuildIndependentTargetsInParallel = 1;
				LastSwiftUpdateCheck = 1540;
				LastUpgradeCheck = 1540;
				TargetAttributes = {
					649FF6912C3C58520081BC63 = {
						CreatedOnToolsVersion = 15.4;
					};
				};
			};
			buildConfigurationList = 649FF68D2C3C58510081BC63 /* Build configuration list for PBXProject "Delta" */;
			compatibilityVersion = "Xcode 14.0";
			developmentRegion = en;
			hasScannedForEncodings = 0;
			knownRegions = (
				en,
				Base,
			);
			mainGroup = 649FF6892C3C58510081BC63;
			productRefGroup = 649FF6932C3C58520081BC63 /* Products */;
			projectDirPath = "";
			projectRoot = "";
			targets = (
				649FF6912C3C58520081BC63 /* Delta */,
			);
		};
/* End PBXProject section */

/* Begin PBXResourcesBuildPhase section */
		649FF6902C3C58520081BC63 /* Resources */ = {
			isa = PBXResourcesBuildPhase;
			buildActionMask = 2147483647;
			files = (
				649FF69D2C3C58520081BC63 /* Preview Assets.xcassets in Resources */,
				649FF69A2C3C58520081BC63 /* Assets.xcassets in Resources */,
			);
			runOnlyForDeploymentPostprocessing = 0;
		};
/* End PBXResourcesBuildPhase section */

/* Begin PBXSourcesBuildPhase section */
		649FF68E2C3C58520081BC63 /* Sources */ = {
			isa = PBXSourcesBuildPhase;
			buildActionMask = 2147483647;
			files = (
				1A2A33872C8893EB008F6414 /* GoalCategoryRowView.swift in Sources */,
				1A2A33792C80B5A1008F6414 /* Router.swift in Sources */,
				64FB5C472C4BF4BB00BBADB1 /* SettingsView.swift in Sources */,
				6457CA4F2C518375008C56DE /* Settings.swift in Sources */,
				64FB5C492C4BF4C500BBADB1 /* ProfileSettingsView.swift in Sources */,
				64FB5C5B2C4BF5DB00BBADB1 /* DataStore.swift in Sources */,
				64FB5C532C4BF51700BBADB1 /* SeeAllView.swift in Sources */,
				1A2A33832C860431008F6414 /* Double +.swift in Sources */,
				647A6F3C2C811E4900927749 /* PlusButtonView.swift in Sources */,
				64FB5C452C4BF4B100BBADB1 /* ShoppingListView.swift in Sources */,
				640EBB4E2C7F742700244B24 /* InvestmentCategoryCardView.swift in Sources */,
				647A6F3A2C81141000927749 /* AccountGroupCardView.swift in Sources */,
				647A6F402C8123E100927749 /* ChevronButtonView.swift in Sources */,
				64FB5C4B2C4BF4CC00BBADB1 /* AppDesignSettingsView.swift in Sources */,
				64FB5C4F2C4BF4ED00BBADB1 /* AccountGroupSettingsView.swift in Sources */,
				1A2A337D2C80F61F008F6414 /* ContentView.swift in Sources */,
				64FB5C3F2C4BF48600BBADB1 /* OnboardingView.swift in Sources */,
				640F9F4F2C7D3F53007C7E7E /* AccountCardView.swift in Sources */,
				649FF6982C3C58520081BC63 /* MainView.swift in Sources */,
				64B5F4282C8688D10072AC29 /* CurrencyTextView.swift in Sources */,
				64FB5C412C4BF49B00BBADB1 /* LoginView.swift in Sources */,
				647A6F3E2C8120C000927749 /* CapsuleButtonView.swift in Sources */,
				64FB5C572C4BF56400BBADB1 /* MyBalanceView.swift in Sources */,
				64FB5C432C4BF4A600BBADB1 /* AnalyticsView.swift in Sources */,
				640F9F4C2C7D3EE2007C7E7E /* ComponentBackgroundModifier.swift in Sources */,
				649FF6962C3C58520081BC63 /* DeltaApp.swift in Sources */,
				640EBB4A2C7DC87300244B24 /* BaseCategoryCardView.swift in Sources */,
				64FB5C4D2C4BF4DD00BBADB1 /* AccountSettingsView.swift in Sources */,
				640F9F422C7CFEAE007C7E7E /* ExpenseIncomeView.swift in Sources */,
				647A6F422C8125D000927749 /* RoundedButtonView.swift in Sources */,
				1A2A33802C85F955008F6414 /* BaseCategoryRowView.swift in Sources */,
				64FB5C512C4BF4F600BBADB1 /* SettingsCategoryView.swift in Sources */,
				1A2A33892C88983F008F6414 /* InvestmentCategoryRowView.swift in Sources */,
				64FB5C592C4BF5CB00BBADB1 /* Person.swift in Sources */,
				640EBB4C2C7F65AF00244B24 /* GoalCategoryCardView.swift in Sources */,
				640F9F502C7D3F53007C7E7E /* PlanVsActualView.swift in Sources */,
				64FB5C552C4BF52500BBADB1 /* TransferView.swift in Sources */,
				1A2A337B2C80ED06008F6414 /* TabBarView.swift in Sources */,
				6457CA4D2C517D54008C56DE /* User.swift in Sources */,
				1A2A33852C888FEF008F6414 /* CircularProgressView.swift in Sources */,
				64FEDB742C8109AC004F4E4E /* CustomShadowModifier.swift in Sources */,
			);
			runOnlyForDeploymentPostprocessing = 0;
		};
/* End PBXSourcesBuildPhase section */

/* Begin XCBuildConfiguration section */
		649FF69E2C3C58530081BC63 /* Debug */ = {
			isa = XCBuildConfiguration;
			buildSettings = {
				ALWAYS_SEARCH_USER_PATHS = NO;
				ASSETCATALOG_COMPILER_GENERATE_SWIFT_ASSET_SYMBOL_EXTENSIONS = YES;
				CLANG_ANALYZER_NONNULL = YES;
				CLANG_ANALYZER_NUMBER_OBJECT_CONVERSION = YES_AGGRESSIVE;
				CLANG_CXX_LANGUAGE_STANDARD = "gnu++20";
				CLANG_ENABLE_MODULES = YES;
				CLANG_ENABLE_OBJC_ARC = YES;
				CLANG_ENABLE_OBJC_WEAK = YES;
				CLANG_WARN_BLOCK_CAPTURE_AUTORELEASING = YES;
				CLANG_WARN_BOOL_CONVERSION = YES;
				CLANG_WARN_COMMA = YES;
				CLANG_WARN_CONSTANT_CONVERSION = YES;
				CLANG_WARN_DEPRECATED_OBJC_IMPLEMENTATIONS = YES;
				CLANG_WARN_DIRECT_OBJC_ISA_USAGE = YES_ERROR;
				CLANG_WARN_DOCUMENTATION_COMMENTS = YES;
				CLANG_WARN_EMPTY_BODY = YES;
				CLANG_WARN_ENUM_CONVERSION = YES;
				CLANG_WARN_INFINITE_RECURSION = YES;
				CLANG_WARN_INT_CONVERSION = YES;
				CLANG_WARN_NON_LITERAL_NULL_CONVERSION = YES;
				CLANG_WARN_OBJC_IMPLICIT_RETAIN_SELF = YES;
				CLANG_WARN_OBJC_LITERAL_CONVERSION = YES;
				CLANG_WARN_OBJC_ROOT_CLASS = YES_ERROR;
				CLANG_WARN_QUOTED_INCLUDE_IN_FRAMEWORK_HEADER = YES;
				CLANG_WARN_RANGE_LOOP_ANALYSIS = YES;
				CLANG_WARN_STRICT_PROTOTYPES = YES;
				CLANG_WARN_SUSPICIOUS_MOVE = YES;
				CLANG_WARN_UNGUARDED_AVAILABILITY = YES_AGGRESSIVE;
				CLANG_WARN_UNREACHABLE_CODE = YES;
				CLANG_WARN__DUPLICATE_METHOD_MATCH = YES;
				COPY_PHASE_STRIP = NO;
				DEBUG_INFORMATION_FORMAT = dwarf;
				ENABLE_STRICT_OBJC_MSGSEND = YES;
				ENABLE_TESTABILITY = YES;
				ENABLE_USER_SCRIPT_SANDBOXING = YES;
				GCC_C_LANGUAGE_STANDARD = gnu17;
				GCC_DYNAMIC_NO_PIC = NO;
				GCC_NO_COMMON_BLOCKS = YES;
				GCC_OPTIMIZATION_LEVEL = 0;
				GCC_PREPROCESSOR_DEFINITIONS = (
					"DEBUG=1",
					"$(inherited)",
				);
				GCC_WARN_64_TO_32_BIT_CONVERSION = YES;
				GCC_WARN_ABOUT_RETURN_TYPE = YES_ERROR;
				GCC_WARN_UNDECLARED_SELECTOR = YES;
				GCC_WARN_UNINITIALIZED_AUTOS = YES_AGGRESSIVE;
				GCC_WARN_UNUSED_FUNCTION = YES;
				GCC_WARN_UNUSED_VARIABLE = YES;
				IPHONEOS_DEPLOYMENT_TARGET = 17.5;
				LOCALIZATION_PREFERS_STRING_CATALOGS = YES;
				MTL_ENABLE_DEBUG_INFO = INCLUDE_SOURCE;
				MTL_FAST_MATH = YES;
				ONLY_ACTIVE_ARCH = YES;
				SDKROOT = iphoneos;
				SWIFT_ACTIVE_COMPILATION_CONDITIONS = "DEBUG $(inherited)";
				SWIFT_OPTIMIZATION_LEVEL = "-Onone";
			};
			name = Debug;
		};
		649FF69F2C3C58530081BC63 /* Release */ = {
			isa = XCBuildConfiguration;
			buildSettings = {
				ALWAYS_SEARCH_USER_PATHS = NO;
				ASSETCATALOG_COMPILER_GENERATE_SWIFT_ASSET_SYMBOL_EXTENSIONS = YES;
				CLANG_ANALYZER_NONNULL = YES;
				CLANG_ANALYZER_NUMBER_OBJECT_CONVERSION = YES_AGGRESSIVE;
				CLANG_CXX_LANGUAGE_STANDARD = "gnu++20";
				CLANG_ENABLE_MODULES = YES;
				CLANG_ENABLE_OBJC_ARC = YES;
				CLANG_ENABLE_OBJC_WEAK = YES;
				CLANG_WARN_BLOCK_CAPTURE_AUTORELEASING = YES;
				CLANG_WARN_BOOL_CONVERSION = YES;
				CLANG_WARN_COMMA = YES;
				CLANG_WARN_CONSTANT_CONVERSION = YES;
				CLANG_WARN_DEPRECATED_OBJC_IMPLEMENTATIONS = YES;
				CLANG_WARN_DIRECT_OBJC_ISA_USAGE = YES_ERROR;
				CLANG_WARN_DOCUMENTATION_COMMENTS = YES;
				CLANG_WARN_EMPTY_BODY = YES;
				CLANG_WARN_ENUM_CONVERSION = YES;
				CLANG_WARN_INFINITE_RECURSION = YES;
				CLANG_WARN_INT_CONVERSION = YES;
				CLANG_WARN_NON_LITERAL_NULL_CONVERSION = YES;
				CLANG_WARN_OBJC_IMPLICIT_RETAIN_SELF = YES;
				CLANG_WARN_OBJC_LITERAL_CONVERSION = YES;
				CLANG_WARN_OBJC_ROOT_CLASS = YES_ERROR;
				CLANG_WARN_QUOTED_INCLUDE_IN_FRAMEWORK_HEADER = YES;
				CLANG_WARN_RANGE_LOOP_ANALYSIS = YES;
				CLANG_WARN_STRICT_PROTOTYPES = YES;
				CLANG_WARN_SUSPICIOUS_MOVE = YES;
				CLANG_WARN_UNGUARDED_AVAILABILITY = YES_AGGRESSIVE;
				CLANG_WARN_UNREACHABLE_CODE = YES;
				CLANG_WARN__DUPLICATE_METHOD_MATCH = YES;
				COPY_PHASE_STRIP = NO;
				DEBUG_INFORMATION_FORMAT = "dwarf-with-dsym";
				ENABLE_NS_ASSERTIONS = NO;
				ENABLE_STRICT_OBJC_MSGSEND = YES;
				ENABLE_USER_SCRIPT_SANDBOXING = YES;
				GCC_C_LANGUAGE_STANDARD = gnu17;
				GCC_NO_COMMON_BLOCKS = YES;
				GCC_WARN_64_TO_32_BIT_CONVERSION = YES;
				GCC_WARN_ABOUT_RETURN_TYPE = YES_ERROR;
				GCC_WARN_UNDECLARED_SELECTOR = YES;
				GCC_WARN_UNINITIALIZED_AUTOS = YES_AGGRESSIVE;
				GCC_WARN_UNUSED_FUNCTION = YES;
				GCC_WARN_UNUSED_VARIABLE = YES;
				IPHONEOS_DEPLOYMENT_TARGET = 17.5;
				LOCALIZATION_PREFERS_STRING_CATALOGS = YES;
				MTL_ENABLE_DEBUG_INFO = NO;
				MTL_FAST_MATH = YES;
				SDKROOT = iphoneos;
				SWIFT_COMPILATION_MODE = wholemodule;
				VALIDATE_PRODUCT = YES;
			};
			name = Release;
		};
		649FF6A12C3C58530081BC63 /* Debug */ = {
			isa = XCBuildConfiguration;
			buildSettings = {
				ASSETCATALOG_COMPILER_APPICON_NAME = AppIcon;
				ASSETCATALOG_COMPILER_GLOBAL_ACCENT_COLOR_NAME = AccentColor;
				CODE_SIGN_STYLE = Automatic;
				CURRENT_PROJECT_VERSION = 1;
				DEVELOPMENT_ASSET_PATHS = "\"Delta/Preview Content\"";
				DEVELOPMENT_TEAM = KJ5ADFMG28;
				ENABLE_PREVIEWS = YES;
				GENERATE_INFOPLIST_FILE = YES;
				INFOPLIST_KEY_UIApplicationSceneManifest_Generation = YES;
				INFOPLIST_KEY_UIApplicationSupportsIndirectInputEvents = YES;
				INFOPLIST_KEY_UILaunchScreen_Generation = YES;
				INFOPLIST_KEY_UISupportedInterfaceOrientations_iPad = "UIInterfaceOrientationPortrait UIInterfaceOrientationPortraitUpsideDown UIInterfaceOrientationLandscapeLeft UIInterfaceOrientationLandscapeRight";
				INFOPLIST_KEY_UISupportedInterfaceOrientations_iPhone = "UIInterfaceOrientationPortrait UIInterfaceOrientationLandscapeLeft UIInterfaceOrientationLandscapeRight";
				IPHONEOS_DEPLOYMENT_TARGET = 16.0;
				LD_RUNPATH_SEARCH_PATHS = (
					"$(inherited)",
					"@executable_path/Frameworks",
				);
				MARKETING_VERSION = 1.0;
				PRODUCT_BUNDLE_IDENTIFIER = swift.Delta;
				PRODUCT_NAME = "$(TARGET_NAME)";
				SWIFT_EMIT_LOC_STRINGS = YES;
				SWIFT_VERSION = 5.0;
				TARGETED_DEVICE_FAMILY = "1,2";
			};
			name = Debug;
		};
		649FF6A22C3C58530081BC63 /* Release */ = {
			isa = XCBuildConfiguration;
			buildSettings = {
				ASSETCATALOG_COMPILER_APPICON_NAME = AppIcon;
				ASSETCATALOG_COMPILER_GLOBAL_ACCENT_COLOR_NAME = AccentColor;
				CODE_SIGN_STYLE = Automatic;
				CURRENT_PROJECT_VERSION = 1;
				DEVELOPMENT_ASSET_PATHS = "\"Delta/Preview Content\"";
				DEVELOPMENT_TEAM = KJ5ADFMG28;
				ENABLE_PREVIEWS = YES;
				GENERATE_INFOPLIST_FILE = YES;
				INFOPLIST_KEY_UIApplicationSceneManifest_Generation = YES;
				INFOPLIST_KEY_UIApplicationSupportsIndirectInputEvents = YES;
				INFOPLIST_KEY_UILaunchScreen_Generation = YES;
				INFOPLIST_KEY_UISupportedInterfaceOrientations_iPad = "UIInterfaceOrientationPortrait UIInterfaceOrientationPortraitUpsideDown UIInterfaceOrientationLandscapeLeft UIInterfaceOrientationLandscapeRight";
				INFOPLIST_KEY_UISupportedInterfaceOrientations_iPhone = "UIInterfaceOrientationPortrait UIInterfaceOrientationLandscapeLeft UIInterfaceOrientationLandscapeRight";
				IPHONEOS_DEPLOYMENT_TARGET = 16.0;
				LD_RUNPATH_SEARCH_PATHS = (
					"$(inherited)",
					"@executable_path/Frameworks",
				);
				MARKETING_VERSION = 1.0;
				PRODUCT_BUNDLE_IDENTIFIER = swift.Delta;
				PRODUCT_NAME = "$(TARGET_NAME)";
				SWIFT_EMIT_LOC_STRINGS = YES;
				SWIFT_VERSION = 5.0;
				TARGETED_DEVICE_FAMILY = "1,2";
			};
			name = Release;
		};
/* End XCBuildConfiguration section */

/* Begin XCConfigurationList section */
		649FF68D2C3C58510081BC63 /* Build configuration list for PBXProject "Delta" */ = {
			isa = XCConfigurationList;
			buildConfigurations = (
				649FF69E2C3C58530081BC63 /* Debug */,
				649FF69F2C3C58530081BC63 /* Release */,
			);
			defaultConfigurationIsVisible = 0;
			defaultConfigurationName = Release;
		};
		649FF6A02C3C58530081BC63 /* Build configuration list for PBXNativeTarget "Delta" */ = {
			isa = XCConfigurationList;
			buildConfigurations = (
				649FF6A12C3C58530081BC63 /* Debug */,
				649FF6A22C3C58530081BC63 /* Release */,
			);
			defaultConfigurationIsVisible = 0;
			defaultConfigurationName = Release;
		};
/* End XCConfigurationList section */

/* Begin XCSwiftPackageProductDependency section */
		1A6725482C56D4AC004B3730 /* UISystem */ = {
			isa = XCSwiftPackageProductDependency;
			productName = UISystem;
		};
/* End XCSwiftPackageProductDependency section */
	};
	rootObject = 649FF68A2C3C58510081BC63 /* Project object */;
}
